// !$*UTF8*$!
{
	archiveVersion = 1;
	classes = {
	};
	objectVersion = 46;
	objects = {

/* Begin PBXBuildFile section */
		27A740CC1B951718008EE56E /* AppDelegate.swift in Sources */ = {isa = PBXBuildFile; fileRef = 27A740CB1B951718008EE56E /* AppDelegate.swift */; };
		27A740CE1B951718008EE56E /* ViewController.swift in Sources */ = {isa = PBXBuildFile; fileRef = 27A740CD1B951718008EE56E /* ViewController.swift */; };
		27A740D11B951718008EE56E /* Main.storyboard in Resources */ = {isa = PBXBuildFile; fileRef = 27A740CF1B951718008EE56E /* Main.storyboard */; };
		27A740D31B951718008EE56E /* Images.xcassets in Resources */ = {isa = PBXBuildFile; fileRef = 27A740D21B951718008EE56E /* Images.xcassets */; };
		27A740D61B951718008EE56E /* LaunchScreen.xib in Resources */ = {isa = PBXBuildFile; fileRef = 27A740D41B951718008EE56E /* LaunchScreen.xib */; };
		27A740E21B951718008EE56E /* TextFieldsChallengeTests.swift in Sources */ = {isa = PBXBuildFile; fileRef = 27A740E11B951718008EE56E /* TextFieldsChallengeTests.swift */; };
		27A740EC1B965736008EE56E /* ZipTextFieldDelegate.swift in Sources */ = {isa = PBXBuildFile; fileRef = 27A740EB1B965736008EE56E /* ZipTextFieldDelegate.swift */; };
		27A740EE1B96576D008EE56E /* CashTextFieldDelegate.swift in Sources */ = {isa = PBXBuildFile; fileRef = 27A740ED1B96576D008EE56E /* CashTextFieldDelegate.swift */; };
/* End PBXBuildFile section */

/* Begin PBXContainerItemProxy section */
		27A740DC1B951718008EE56E /* PBXContainerItemProxy */ = {
			isa = PBXContainerItemProxy;
			containerPortal = 27A740BE1B951718008EE56E /* Project object */;
			proxyType = 1;
			remoteGlobalIDString = 27A740C51B951718008EE56E;
			remoteInfo = TextFieldsChallenge;
		};
/* End PBXContainerItemProxy section */

/* Begin PBXFileReference section */
		27A740C61B951718008EE56E /* TextFieldsChallenge.app */ = {isa = PBXFileReference; explicitFileType = wrapper.application; includeInIndex = 0; path = TextFieldsChallenge.app; sourceTree = BUILT_PRODUCTS_DIR; };
		27A740CA1B951718008EE56E /* Info.plist */ = {isa = PBXFileReference; lastKnownFileType = text.plist.xml; path = Info.plist; sourceTree = "<group>"; };
		27A740CB1B951718008EE56E /* AppDelegate.swift */ = {isa = PBXFileReference; lastKnownFileType = sourcecode.swift; path = AppDelegate.swift; sourceTree = "<group>"; };
		27A740CD1B951718008EE56E /* ViewController.swift */ = {isa = PBXFileReference; lastKnownFileType = sourcecode.swift; path = ViewController.swift; sourceTree = "<group>"; };
		27A740D01B951718008EE56E /* Base */ = {isa = PBXFileReference; lastKnownFileType = file.storyboard; name = Base; path = Base.lproj/Main.storyboard; sourceTree = "<group>"; };
		27A740D21B951718008EE56E /* Images.xcassets */ = {isa = PBXFileReference; lastKnownFileType = folder.assetcatalog; path = Images.xcassets; sourceTree = "<group>"; };
		27A740D51B951718008EE56E /* Base */ = {isa = PBXFileReference; lastKnownFileType = file.xib; name = Base; path = Base.lproj/LaunchScreen.xib; sourceTree = "<group>"; };
		27A740DB1B951718008EE56E /* TextFieldsChallengeTests.xctest */ = {isa = PBXFileReference; explicitFileType = wrapper.cfbundle; includeInIndex = 0; path = TextFieldsChallengeTests.xctest; sourceTree = BUILT_PRODUCTS_DIR; };
		27A740E01B951718008EE56E /* Info.plist */ = {isa = PBXFileReference; lastKnownFileType = text.plist.xml; path = Info.plist; sourceTree = "<group>"; };
		27A740E11B951718008EE56E /* TextFieldsChallengeTests.swift */ = {isa = PBXFileReference; lastKnownFileType = sourcecode.swift; path = TextFieldsChallengeTests.swift; sourceTree = "<group>"; };
		27A740EB1B965736008EE56E /* ZipTextFieldDelegate.swift */ = {isa = PBXFileReference; fileEncoding = 4; lastKnownFileType = sourcecode.swift; path = ZipTextFieldDelegate.swift; sourceTree = "<group>"; };
		27A740ED1B96576D008EE56E /* CashTextFieldDelegate.swift */ = {isa = PBXFileReference; fileEncoding = 4; lastKnownFileType = sourcecode.swift; path = CashTextFieldDelegate.swift; sourceTree = "<group>"; };
/* End PBXFileReference section */

/* Begin PBXFrameworksBuildPhase section */
		27A740C31B951718008EE56E /* Frameworks */ = {
			isa = PBXFrameworksBuildPhase;
			buildActionMask = 2147483647;
			files = (
			);
			runOnlyForDeploymentPostprocessing = 0;
		};
		27A740D81B951718008EE56E /* Frameworks */ = {
			isa = PBXFrameworksBuildPhase;
			buildActionMask = 2147483647;
			files = (
			);
			runOnlyForDeploymentPostprocessing = 0;
		};
/* End PBXFrameworksBuildPhase section */

/* Begin PBXGroup section */
		27A740BD1B951718008EE56E = {
			isa = PBXGroup;
			children = (
				27A740C81B951718008EE56E /* TextFieldsChallenge */,
				27A740DE1B951718008EE56E /* TextFieldsChallengeTests */,
				27A740C71B951718008EE56E /* Products */,
			);
			sourceTree = "<group>";
		};
		27A740C71B951718008EE56E /* Products */ = {
			isa = PBXGroup;
			children = (
				27A740C61B951718008EE56E /* TextFieldsChallenge.app */,
				27A740DB1B951718008EE56E /* TextFieldsChallengeTests.xctest */,
			);
			name = Products;
			sourceTree = "<group>";
		};
		27A740C81B951718008EE56E /* TextFieldsChallenge */ = {
			isa = PBXGroup;
			children = (
				27A740CB1B951718008EE56E /* AppDelegate.swift */,
				27A740CD1B951718008EE56E /* ViewController.swift */,
				27A740EB1B965736008EE56E /* ZipTextFieldDelegate.swift */,
				27A740ED1B96576D008EE56E /* CashTextFieldDelegate.swift */,
				27A740CF1B951718008EE56E /* Main.storyboard */,
				27A740D21B951718008EE56E /* Images.xcassets */,
				27A740D41B951718008EE56E /* LaunchScreen.xib */,
				27A740C91B951718008EE56E /* Supporting Files */,
			);
			path = TextFieldsChallenge;
			sourceTree = "<group>";
		};
		27A740C91B951718008EE56E /* Supporting Files */ = {
			isa = PBXGroup;
			children = (
				27A740CA1B951718008EE56E /* Info.plist */,
			);
			name = "Supporting Files";
			sourceTree = "<group>";
		};
		27A740DE1B951718008EE56E /* TextFieldsChallengeTests */ = {
			isa = PBXGroup;
			children = (
				27A740E11B951718008EE56E /* TextFieldsChallengeTests.swift */,
				27A740DF1B951718008EE56E /* Supporting Files */,
			);
			path = TextFieldsChallengeTests;
			sourceTree = "<group>";
		};
		27A740DF1B951718008EE56E /* Supporting Files */ = {
			isa = PBXGroup;
			children = (
				27A740E01B951718008EE56E /* Info.plist */,
			);
			name = "Supporting Files";
			sourceTree = "<group>";
		};
/* End PBXGroup section */

/* Begin PBXNativeTarget section */
		27A740C51B951718008EE56E /* TextFieldsChallenge */ = {
			isa = PBXNativeTarget;
			buildConfigurationList = 27A740E51B951718008EE56E /* Build configuration list for PBXNativeTarget "TextFieldsChallenge" */;
			buildPhases = (
				27A740C21B951718008EE56E /* Sources */,
				27A740C31B951718008EE56E /* Frameworks */,
				27A740C41B951718008EE56E /* Resources */,
			);
			buildRules = (
			);
			dependencies = (
			);
			name = TextFieldsChallenge;
			productName = TextFieldsChallenge;
			productReference = 27A740C61B951718008EE56E /* TextFieldsChallenge.app */;
			productType = "com.apple.product-type.application";
		};
		27A740DA1B951718008EE56E /* TextFieldsChallengeTests */ = {
			isa = PBXNativeTarget;
			buildConfigurationList = 27A740E81B951718008EE56E /* Build configuration list for PBXNativeTarget "TextFieldsChallengeTests" */;
			buildPhases = (
				27A740D71B951718008EE56E /* Sources */,
				27A740D81B951718008EE56E /* Frameworks */,
				27A740D91B951718008EE56E /* Resources */,
			);
			buildRules = (
			);
			dependencies = (
				27A740DD1B951718008EE56E /* PBXTargetDependency */,
			);
			name = TextFieldsChallengeTests;
			productName = TextFieldsChallengeTests;
			productReference = 27A740DB1B951718008EE56E /* TextFieldsChallengeTests.xctest */;
			productType = "com.apple.product-type.bundle.unit-test";
		};
/* End PBXNativeTarget section */

/* Begin PBXProject section */
		27A740BE1B951718008EE56E /* Project object */ = {
			isa = PBXProject;
			attributes = {
				LastUpgradeCheck = 0640;
				ORGANIZATIONNAME = "Mykola Aleshchanov";
				TargetAttributes = {
					27A740C51B951718008EE56E = {
						CreatedOnToolsVersion = 6.4;
					};
					27A740DA1B951718008EE56E = {
						CreatedOnToolsVersion = 6.4;
						TestTargetID = 27A740C51B951718008EE56E;
					};
				};
			};
			buildConfigurationList = 27A740C11B951718008EE56E /* Build configuration list for PBXProject "TextFieldsChallenge" */;
			compatibilityVersion = "Xcode 3.2";
			developmentRegion = English;
			hasScannedForEncodings = 0;
			knownRegions = (
				en,
				Base,
			);
			mainGroup = 27A740BD1B951718008EE56E;
			productRefGroup = 27A740C71B951718008EE56E /* Products */;
			projectDirPath = "";
			projectRoot = "";
			targets = (
				27A740C51B951718008EE56E /* TextFieldsChallenge */,
				27A740DA1B951718008EE56E /* TextFieldsChallengeTests */,
			);
		};
/* End PBXProject section */

/* Begin PBXResourcesBuildPhase section */
		27A740C41B951718008EE56E /* Resources */ = {
			isa = PBXResourcesBuildPhase;
			buildActionMask = 2147483647;
			files = (
				27A740D11B951718008EE56E /* Main.storyboard in Resources */,
				27A740D61B951718008EE56E /* LaunchScreen.xib in Resources */,
				27A740D31B951718008EE56E /* Images.xcassets in Resources */,
			);
			runOnlyForDeploymentPostprocessing = 0;
		};
		27A740D91B951718008EE56E /* Resources */ = {
			isa = PBXResourcesBuildPhase;
			buildActionMask = 2147483647;
			files = (
			);
			runOnlyForDeploymentPostprocessing = 0;
		};
/* End PBXResourcesBuildPhase section */

/* Begin PBXSourcesBuildPhase section */
		27A740C21B951718008EE56E /* Sources */ = {
			isa = PBXSourcesBuildPhase;
			buildActionMask = 2147483647;
			files = (
				27A740CE1B951718008EE56E /* ViewController.swift in Sources */,
				27A740EE1B96576D008EE56E /* CashTextFieldDelegate.swift in Sources */,
				27A740EC1B965736008EE56E /* ZipTextFieldDelegate.swift in Sources */,
				27A740CC1B951718008EE56E /* AppDelegate.swift in Sources */,
			);
			runOnlyForDeploymentPostprocessing = 0;
		};
		27A740D71B951718008EE56E /* Sources */ = {
			isa = PBXSourcesBuildPhase;
			buildActionMask = 2147483647;
			files = (
				27A740E21B951718008EE56E /* TextFieldsChallengeTests.swift in Sources */,
			);
			runOnlyForDeploymentPostprocessing = 0;
		};
/* End PBXSourcesBuildPhase section */

/* Begin PBXTargetDependency section */
		27A740DD1B951718008EE56E /* PBXTargetDependency */ = {
			isa = PBXTargetDependency;
			target = 27A740C51B951718008EE56E /* TextFieldsChallenge */;
			targetProxy = 27A740DC1B951718008EE56E /* PBXContainerItemProxy */;
		};
/* End PBXTargetDependency section */

/* Begin PBXVariantGroup section */
		27A740CF1B951718008EE56E /* Main.storyboard */ = {
			isa = PBXVariantGroup;
			children = (
				27A740D01B951718008EE56E /* Base */,
			);
			name = Main.storyboard;
			sourceTree = "<group>";
		};
		27A740D41B951718008EE56E /* LaunchScreen.xib */ = {
			isa = PBXVariantGroup;
			children = (
				27A740D51B951718008EE56E /* Base */,
			);
			name = LaunchScreen.xib;
			sourceTree = "<group>";
		};
/* End PBXVariantGroup section */

/* Begin XCBuildConfiguration section */
		27A740E31B951718008EE56E /* Debug */ = {
			isa = XCBuildConfiguration;
			buildSettings = {
				ALWAYS_SEARCH_USER_PATHS = NO;
				CLANG_CXX_LANGUAGE_STANDARD = "gnu++0x";
				CLANG_CXX_LIBRARY = "libc++";
				CLANG_ENABLE_MODULES = YES;
				CLANG_ENABLE_OBJC_ARC = YES;
				CLANG_WARN_BOOL_CONVERSION = YES;
				CLANG_WARN_CONSTANT_CONVERSION = YES;
				CLANG_WARN_DIRECT_OBJC_ISA_USAGE = YES_ERROR;
				CLANG_WARN_EMPTY_BODY = YES;
				CLANG_WARN_ENUM_CONVERSION = YES;
				CLANG_WARN_INT_CONVERSION = YES;
				CLANG_WARN_OBJC_ROOT_CLASS = YES_ERROR;
				CLANG_WARN_UNREACHABLE_CODE = YES;
				CLANG_WARN__DUPLICATE_METHOD_MATCH = YES;
				"CODE_SIGN_IDENTITY[sdk=iphoneos*]" = "iPhone Developer";
				COPY_PHASE_STRIP = NO;
				DEBUG_INFORMATION_FORMAT = "dwarf-with-dsym";
				ENABLE_STRICT_OBJC_MSGSEND = YES;
				GCC_C_LANGUAGE_STANDARD = gnu99;
				GCC_DYNAMIC_NO_PIC = NO;
				GCC_NO_COMMON_BLOCKS = YES;
				GCC_OPTIMIZATION_LEVEL = 0;
				GCC_PREPROCESSOR_DEFINITIONS = (
					"DEBUG=1",
					"$(inherited)",
				);
				GCC_SYMBOLS_PRIVATE_EXTERN = NO;
				GCC_WARN_64_TO_32_BIT_CONVERSION = YES;
				GCC_WARN_ABOUT_RETURN_TYPE = YES_ERROR;
				GCC_WARN_UNDECLARED_SELECTOR = YES;
				GCC_WARN_UNINITIALIZED_AUTOS = YES_AGGRESSIVE;
				GCC_WARN_UNUSED_FUNCTION = YES;
				GCC_WARN_UNUSED_VARIABLE = YES;
				IPHONEOS_DEPLOYMENT_TARGET = 8.4;
				MTL_ENABLE_DEBUG_INFO = YES;
				ONLY_ACTIVE_ARCH = YES;
				SDKROOT = iphoneos;
				SWIFT_OPTIMIZATION_LEVEL = "-Onone";
			};
			name = Debug;
		};
		27A740E41B951718008EE56E /* Release */ = {
			isa = XCBuildConfiguration;
			buildSettings = {
				ALWAYS_SEARCH_USER_PATHS = NO;
				CLANG_CXX_LANGUAGE_STANDARD = "gnu++0x";
				CLANG_CXX_LIBRARY = "libc++";
				CLANG_ENABLE_MODULES = YES;
				CLANG_ENABLE_OBJC_ARC = YES;
				CLANG_WARN_BOOL_CONVERSION = YES;
				CLANG_WARN_CONSTANT_CONVERSION = YES;
				CLANG_WARN_DIRECT_OBJC_ISA_USAGE = YES_ERROR;
				CLANG_WARN_EMPTY_BODY = YES;
				CLANG_WARN_ENUM_CONVERSION = YES;
				CLANG_WARN_INT_CONVERSION = YES;
				CLANG_WARN_OBJC_ROOT_CLASS = YES_ERROR;
				CLANG_WARN_UNREACHABLE_CODE = YES;
				CLANG_WARN__DUPLICATE_METHOD_MATCH = YES;
				"CODE_SIGN_IDENTITY[sdk=iphoneos*]" = "iPhone Developer";
				COPY_PHASE_STRIP = NO;
				DEBUG_INFORMATION_FORMAT = "dwarf-with-dsym";
				ENABLE_NS_ASSERTIONS = NO;
				ENABLE_STRICT_OBJC_MSGSEND = YES;
				GCC_C_LANGUAGE_STANDARD = gnu99;
				GCC_NO_COMMON_BLOCKS = YES;
				GCC_WARN_64_TO_32_BIT_CONVERSION = YES;
				GCC_WARN_ABOUT_RETURN_TYPE = YES_ERROR;
				GCC_WARN_UNDECLARED_SELECTOR = YES;
				GCC_WARN_UNINITIALIZED_AUTOS = YES_AGGRESSIVE;
				GCC_WARN_UNUSED_FUNCTION = YES;
				GCC_WARN_UNUSED_VARIABLE = YES;
				IPHONEOS_DEPLOYMENT_TARGET = 8.4;
				MTL_ENABLE_DEBUG_INFO = NO;
				SDKROOT = iphoneos;
				VALIDATE_PRODUCT = YES;
			};
			name = Release;
		};
		27A740E61B951718008EE56E /* Debug */ = {
			isa = XCBuildConfiguration;
			buildSettings = {
				ASSETCATALOG_COMPILER_APPICON_NAME = AppIcon;
				INFOPLIST_FILE = TextFieldsChallenge/Info.plist;
				LD_RUNPATH_SEARCH_PATHS = "$(inherited) @executable_path/Frameworks";
				PRODUCT_NAME = "$(TARGET_NAME)";
			};
			name = Debug;
		};
		27A740E71B951718008EE56E /* Release */ = {
			isa = XCBuildConfiguration;
			buildSettings = {
				ASSETCATALOG_COMPILER_APPICON_NAME = AppIcon;
				INFOPLIST_FILE = TextFieldsChallenge/Info.plist;
				LD_RUNPATH_SEARCH_PATHS = "$(inherited) @executable_path/Frameworks";
				PRODUCT_NAME = "$(TARGET_NAME)";
			};
			name = Release;
		};
		27A740E91B951718008EE56E /* Debug */ = {
			isa = XCBuildConfiguration;
			buildSettings = {
				BUNDLE_LOADER = "$(TEST_HOST)";
				FRAMEWORK_SEARCH_PATHS = (
					"$(SDKROOT)/Developer/Library/Frameworks",
					"$(inherited)",
				);
				GCC_PREPROCESSOR_DEFINITIONS = (
					"DEBUG=1",
					"$(inherited)",
				);
				INFOPLIST_FILE = TextFieldsChallengeTests/Info.plist;
				LD_RUNPATH_SEARCH_PATHS = "$(inherited) @executable_path/Frameworks @loader_path/Frameworks";
				PRODUCT_NAME = "$(TARGET_NAME)";
				TEST_HOST = "$(BUILT_PRODUCTS_DIR)/TextFieldsChallenge.app/TextFieldsChallenge";
			};
			name = Debug;
		};
		27A740EA1B951718008EE56E /* Release */ = {
			isa = XCBuildConfiguration;
			buildSettings = {
				BUNDLE_LOADER = "$(TEST_HOST)";
				FRAMEWORK_SEARCH_PATHS = (
					"$(SDKROOT)/Developer/Library/Frameworks",
					"$(inherited)",
				);
				INFOPLIST_FILE = TextFieldsChallengeTests/Info.plist;
				LD_RUNPATH_SEARCH_PATHS = "$(inherited) @executable_path/Frameworks @loader_path/Frameworks";
				PRODUCT_NAME = "$(TARGET_NAME)";
				TEST_HOST = "$(BUILT_PRODUCTS_DIR)/TextFieldsChallenge.app/TextFieldsChallenge";
			};
			name = Release;
		};
/* End XCBuildConfiguration section */

/* Begin XCConfigurationList section */
		27A740C11B951718008EE56E /* Build configuration list for PBXProject "TextFieldsChallenge" */ = {
			isa = XCConfigurationList;
			buildConfigurations = (
				27A740E31B951718008EE56E /* Debug */,
				27A740E41B951718008EE56E /* Release */,
			);
			defaultConfigurationIsVisible = 0;
			defaultConfigurationName = Release;
		};
		27A740E51B951718008EE56E /* Build configuration list for PBXNativeTarget "TextFieldsChallenge" */ = {
			isa = XCConfigurationList;
			buildConfigurations = (
				27A740E61B951718008EE56E /* Debug */,
				27A740E71B951718008EE56E /* Release */,
			);
			defaultConfigurationIsVisible = 0;
			defaultConfigurationName = Release;
		};
		27A740E81B951718008EE56E /* Build configuration list for PBXNativeTarget "TextFieldsChallengeTests" */ = {
			isa = XCConfigurationList;
			buildConfigurations = (
				27A740E91B951718008EE56E /* Debug */,
				27A740EA1B951718008EE56E /* Release */,
			);
			defaultConfigurationIsVisible = 0;
			defaultConfigurationName = Release;
		};
/* End XCConfigurationList section */
	};
	rootObject = 27A740BE1B951718008EE56E /* Project object */;
}
